<Solution>
  <Folder Name="/src/">
    <Project Path="src/Artha.Api/Artha.Api.csproj" />
    <Project Path="src/Artha.Auth/Artha.Auth.csproj" />
    <Project Path="src/Artha.Core/Artha.Core.csproj" />
    <Project Path="src/Artha.Drive/Artha.Drive.csproj" />
    <Project Path="src/Artha.Infrastructure/Artha.Infrastructure.csproj" />
  </Folder>
  <Folder Name="/tests/">
    <Project Path="tests/Artha.Api.Tests/Artha.Api.Tests.csproj" />
    <Project Path="tests/Artha.Auth.Tests/Artha.Auth.Tests.csproj" />
    <Project Path="tests/Artha.Core.Tests/Artha.Core.Tests.csproj" />
    <Project Path="tests/Artha.Drive.Tests/Artha.Drive.Tests.csproj" />
  </Folder>
</Solution>
